
Microsoft Visual Studio Solution File, Format Version 12.00
Project("{2150E333-8FDC-42A3-9474-1A3956D46DE8}") = "Producers", "Producers", "{6C8E149D-3815-4D48-A7F5-FA0D7F545B13}"
EndProject
Project("{FAE04EC0-301F-11D3-BF4B-00C04F79EFBC}") = "Builder", "Builder\Builder.csproj", "{6D0AE263-7200-4E82-9FCB-A4BD5B7473A0}"
EndProject
Project("{FAE04EC0-301F-11D3-BF4B-00C04F79EFBC}") = "AbstractFactory", "AbstractFactory\AbstractFactory.csproj", "{26BE242D-0282-4A1E-A5CB-D536DD9D327A}"
EndProject
Project("{FAE04EC0-301F-11D3-BF4B-00C04F79EFBC}") = "Client", "Client\Client.csproj", "{4C591D87-12A3-4387-8136-F6B5BD286761}"
EndProject
Project("{FAE04EC0-301F-11D3-BF4B-00C04F79EFBC}") = "Prototype", "Prototype\Prototype.csproj", "{79E188CB-A097-452C-97DF-0779AAB3226B}"
EndProject
Project("{FAE04EC0-301F-11D3-BF4B-00C04F79EFBC}") = "ProducersTests", "ProducersTests\ProducersTests.csproj", "{D7C1FA7C-EF4C-4C0C-9F81-3A61BC60CC31}"
EndProject
Project("{FAE04EC0-301F-11D3-BF4B-00C04F79EFBC}") = "Singleton", "Singleton\Singleton.csproj", "{FE619B08-D7F1-4D78-B64C-F4B2FAED04DA}"
EndProject
Project("{FAE04EC0-301F-11D3-BF4B-00C04F79EFBC}") = "FactoryMethod", "FactoryMethod\FactoryMethod.csproj", "{5BA0A04D-5701-47BB-A828-384D1D65952E}"
EndProject
Project("{2150E333-8FDC-42A3-9474-1A3956D46DE8}") = "Structural", "Structural", "{24C48B17-DD5E-4061-B7A4-1D61706B69E9}"
EndProject
Project("{FAE04EC0-301F-11D3-BF4B-00C04F79EFBC}") = "Adapter", "Adapter\Adapter.csproj", "{739163D6-C460-4488-8FF5-60AD6B1985B1}"
EndProject
Project("{FAE04EC0-301F-11D3-BF4B-00C04F79EFBC}") = "StructuralTests", "StructuralTests\StructuralTests.csproj", "{974745A0-FE60-4574-9E8D-66FC05E10E99}"
EndProject
Project("{FAE04EC0-301F-11D3-BF4B-00C04F79EFBC}") = "Bridge", "Bridge\Bridge.csproj", "{516EE2CF-81A9-43A1-B193-6A8DF0D57450}"
EndProject
Project("{FAE04EC0-301F-11D3-BF4B-00C04F79EFBC}") = "Decorator", "Decorator\Decorator.csproj", "{EE2145D5-E89C-4178-9474-8CFBC0F7CD78}"
EndProject
Project("{FAE04EC0-301F-11D3-BF4B-00C04F79EFBC}") = "Facade", "Facade\Facade.csproj", "{E77FABBA-59C0-486A-B4AB-67C9DDACB58D}"
EndProject
Project("{FAE04EC0-301F-11D3-BF4B-00C04F79EFBC}") = "Proxy", "Proxy\Proxy.csproj", "{A8DD3091-8A89-4F1B-BBBE-1DEEFEC26B6A}"
EndProject
Project("{FAE04EC0-301F-11D3-BF4B-00C04F79EFBC}") = "Composite", "Composite\Composite.csproj", "{12DAEC0E-3D6C-4463-AE83-6A0944554BF8}"
EndProject
Project("{2150E333-8FDC-42A3-9474-1A3956D46DE8}") = "Behavioral", "Behavioral", "{2C29171F-83DC-4A34-9860-FA1C1992B979}"
EndProject
Project("{FAE04EC0-301F-11D3-BF4B-00C04F79EFBC}") = "ChainOfResponsibility", "ChainOfResponsibility\ChainOfResponsibility.csproj", "{FEBC91E9-9E63-40F1-B65B-AED3386E4913}"
EndProject
Project("{FAE04EC0-301F-11D3-BF4B-00C04F79EFBC}") = "BehavioralTests", "BehavioralTests\BehavioralTests.csproj", "{17EE60A6-52C7-44EB-BCD3-8A780A6C44D3}"
EndProject
Global
	GlobalSection(SolutionConfigurationPlatforms) = preSolution
		Debug|Any CPU = Debug|Any CPU
		Release|Any CPU = Release|Any CPU
	EndGlobalSection
	GlobalSection(ProjectConfigurationPlatforms) = postSolution
		{6D0AE263-7200-4E82-9FCB-A4BD5B7473A0}.Debug|Any CPU.ActiveCfg = Debug|Any CPU
		{6D0AE263-7200-4E82-9FCB-A4BD5B7473A0}.Debug|Any CPU.Build.0 = Debug|Any CPU
		{6D0AE263-7200-4E82-9FCB-A4BD5B7473A0}.Release|Any CPU.ActiveCfg = Release|Any CPU
		{6D0AE263-7200-4E82-9FCB-A4BD5B7473A0}.Release|Any CPU.Build.0 = Release|Any CPU
		{26BE242D-0282-4A1E-A5CB-D536DD9D327A}.Debug|Any CPU.ActiveCfg = Debug|Any CPU
		{26BE242D-0282-4A1E-A5CB-D536DD9D327A}.Debug|Any CPU.Build.0 = Debug|Any CPU
		{26BE242D-0282-4A1E-A5CB-D536DD9D327A}.Release|Any CPU.ActiveCfg = Release|Any CPU
		{26BE242D-0282-4A1E-A5CB-D536DD9D327A}.Release|Any CPU.Build.0 = Release|Any CPU
		{4C591D87-12A3-4387-8136-F6B5BD286761}.Debug|Any CPU.ActiveCfg = Debug|Any CPU
		{4C591D87-12A3-4387-8136-F6B5BD286761}.Debug|Any CPU.Build.0 = Debug|Any CPU
		{4C591D87-12A3-4387-8136-F6B5BD286761}.Release|Any CPU.ActiveCfg = Release|Any CPU
		{4C591D87-12A3-4387-8136-F6B5BD286761}.Release|Any CPU.Build.0 = Release|Any CPU
		{79E188CB-A097-452C-97DF-0779AAB3226B}.Debug|Any CPU.ActiveCfg = Debug|Any CPU
		{79E188CB-A097-452C-97DF-0779AAB3226B}.Debug|Any CPU.Build.0 = Debug|Any CPU
		{79E188CB-A097-452C-97DF-0779AAB3226B}.Release|Any CPU.ActiveCfg = Release|Any CPU
		{79E188CB-A097-452C-97DF-0779AAB3226B}.Release|Any CPU.Build.0 = Release|Any CPU
		{D7C1FA7C-EF4C-4C0C-9F81-3A61BC60CC31}.Debug|Any CPU.ActiveCfg = Debug|Any CPU
		{D7C1FA7C-EF4C-4C0C-9F81-3A61BC60CC31}.Debug|Any CPU.Build.0 = Debug|Any CPU
		{D7C1FA7C-EF4C-4C0C-9F81-3A61BC60CC31}.Release|Any CPU.ActiveCfg = Release|Any CPU
		{D7C1FA7C-EF4C-4C0C-9F81-3A61BC60CC31}.Release|Any CPU.Build.0 = Release|Any CPU
		{FE619B08-D7F1-4D78-B64C-F4B2FAED04DA}.Debug|Any CPU.ActiveCfg = Debug|Any CPU
		{FE619B08-D7F1-4D78-B64C-F4B2FAED04DA}.Debug|Any CPU.Build.0 = Debug|Any CPU
		{FE619B08-D7F1-4D78-B64C-F4B2FAED04DA}.Release|Any CPU.ActiveCfg = Release|Any CPU
		{FE619B08-D7F1-4D78-B64C-F4B2FAED04DA}.Release|Any CPU.Build.0 = Release|Any CPU
		{5BA0A04D-5701-47BB-A828-384D1D65952E}.Debug|Any CPU.ActiveCfg = Debug|Any CPU
		{5BA0A04D-5701-47BB-A828-384D1D65952E}.Debug|Any CPU.Build.0 = Debug|Any CPU
		{5BA0A04D-5701-47BB-A828-384D1D65952E}.Release|Any CPU.ActiveCfg = Release|Any CPU
		{5BA0A04D-5701-47BB-A828-384D1D65952E}.Release|Any CPU.Build.0 = Release|Any CPU
		{739163D6-C460-4488-8FF5-60AD6B1985B1}.Debug|Any CPU.ActiveCfg = Debug|Any CPU
		{739163D6-C460-4488-8FF5-60AD6B1985B1}.Debug|Any CPU.Build.0 = Debug|Any CPU
		{739163D6-C460-4488-8FF5-60AD6B1985B1}.Release|Any CPU.ActiveCfg = Release|Any CPU
		{739163D6-C460-4488-8FF5-60AD6B1985B1}.Release|Any CPU.Build.0 = Release|Any CPU
		{974745A0-FE60-4574-9E8D-66FC05E10E99}.Debug|Any CPU.ActiveCfg = Debug|Any CPU
		{974745A0-FE60-4574-9E8D-66FC05E10E99}.Debug|Any CPU.Build.0 = Debug|Any CPU
		{974745A0-FE60-4574-9E8D-66FC05E10E99}.Release|Any CPU.ActiveCfg = Release|Any CPU
		{974745A0-FE60-4574-9E8D-66FC05E10E99}.Release|Any CPU.Build.0 = Release|Any CPU
		{516EE2CF-81A9-43A1-B193-6A8DF0D57450}.Debug|Any CPU.ActiveCfg = Debug|Any CPU
		{516EE2CF-81A9-43A1-B193-6A8DF0D57450}.Debug|Any CPU.Build.0 = Debug|Any CPU
		{516EE2CF-81A9-43A1-B193-6A8DF0D57450}.Release|Any CPU.ActiveCfg = Release|Any CPU
		{516EE2CF-81A9-43A1-B193-6A8DF0D57450}.Release|Any CPU.Build.0 = Release|Any CPU
		{EE2145D5-E89C-4178-9474-8CFBC0F7CD78}.Debug|Any CPU.ActiveCfg = Debug|Any CPU
		{EE2145D5-E89C-4178-9474-8CFBC0F7CD78}.Debug|Any CPU.Build.0 = Debug|Any CPU
		{EE2145D5-E89C-4178-9474-8CFBC0F7CD78}.Release|Any CPU.ActiveCfg = Release|Any CPU
		{EE2145D5-E89C-4178-9474-8CFBC0F7CD78}.Release|Any CPU.Build.0 = Release|Any CPU
		{E77FABBA-59C0-486A-B4AB-67C9DDACB58D}.Debug|Any CPU.ActiveCfg = Debug|Any CPU
		{E77FABBA-59C0-486A-B4AB-67C9DDACB58D}.Debug|Any CPU.Build.0 = Debug|Any CPU
		{E77FABBA-59C0-486A-B4AB-67C9DDACB58D}.Release|Any CPU.ActiveCfg = Release|Any CPU
		{E77FABBA-59C0-486A-B4AB-67C9DDACB58D}.Release|Any CPU.Build.0 = Release|Any CPU
		{A8DD3091-8A89-4F1B-BBBE-1DEEFEC26B6A}.Debug|Any CPU.ActiveCfg = Debug|Any CPU
		{A8DD3091-8A89-4F1B-BBBE-1DEEFEC26B6A}.Debug|Any CPU.Build.0 = Debug|Any CPU
		{A8DD3091-8A89-4F1B-BBBE-1DEEFEC26B6A}.Release|Any CPU.ActiveCfg = Release|Any CPU
		{A8DD3091-8A89-4F1B-BBBE-1DEEFEC26B6A}.Release|Any CPU.Build.0 = Release|Any CPU
		{12DAEC0E-3D6C-4463-AE83-6A0944554BF8}.Debug|Any CPU.ActiveCfg = Debug|Any CPU
		{12DAEC0E-3D6C-4463-AE83-6A0944554BF8}.Debug|Any CPU.Build.0 = Debug|Any CPU
		{12DAEC0E-3D6C-4463-AE83-6A0944554BF8}.Release|Any CPU.ActiveCfg = Release|Any CPU
		{12DAEC0E-3D6C-4463-AE83-6A0944554BF8}.Release|Any CPU.Build.0 = Release|Any CPU
		{FEBC91E9-9E63-40F1-B65B-AED3386E4913}.Debug|Any CPU.ActiveCfg = Debug|Any CPU
		{FEBC91E9-9E63-40F1-B65B-AED3386E4913}.Debug|Any CPU.Build.0 = Debug|Any CPU
		{FEBC91E9-9E63-40F1-B65B-AED3386E4913}.Release|Any CPU.ActiveCfg = Release|Any CPU
		{FEBC91E9-9E63-40F1-B65B-AED3386E4913}.Release|Any CPU.Build.0 = Release|Any CPU
		{17EE60A6-52C7-44EB-BCD3-8A780A6C44D3}.Debug|Any CPU.ActiveCfg = Debug|Any CPU
		{17EE60A6-52C7-44EB-BCD3-8A780A6C44D3}.Debug|Any CPU.Build.0 = Debug|Any CPU
		{17EE60A6-52C7-44EB-BCD3-8A780A6C44D3}.Release|Any CPU.ActiveCfg = Release|Any CPU
		{17EE60A6-52C7-44EB-BCD3-8A780A6C44D3}.Release|Any CPU.Build.0 = Release|Any CPU
	EndGlobalSection
	GlobalSection(NestedProjects) = preSolution
		{6D0AE263-7200-4E82-9FCB-A4BD5B7473A0} = {6C8E149D-3815-4D48-A7F5-FA0D7F545B13}
		{26BE242D-0282-4A1E-A5CB-D536DD9D327A} = {6C8E149D-3815-4D48-A7F5-FA0D7F545B13}
		{4C591D87-12A3-4387-8136-F6B5BD286761} = {6C8E149D-3815-4D48-A7F5-FA0D7F545B13}
		{79E188CB-A097-452C-97DF-0779AAB3226B} = {6C8E149D-3815-4D48-A7F5-FA0D7F545B13}
		{D7C1FA7C-EF4C-4C0C-9F81-3A61BC60CC31} = {6C8E149D-3815-4D48-A7F5-FA0D7F545B13}
		{FE619B08-D7F1-4D78-B64C-F4B2FAED04DA} = {6C8E149D-3815-4D48-A7F5-FA0D7F545B13}
		{5BA0A04D-5701-47BB-A828-384D1D65952E} = {6C8E149D-3815-4D48-A7F5-FA0D7F545B13}
		{739163D6-C460-4488-8FF5-60AD6B1985B1} = {24C48B17-DD5E-4061-B7A4-1D61706B69E9}
		{974745A0-FE60-4574-9E8D-66FC05E10E99} = {24C48B17-DD5E-4061-B7A4-1D61706B69E9}
		{516EE2CF-81A9-43A1-B193-6A8DF0D57450} = {24C48B17-DD5E-4061-B7A4-1D61706B69E9}
		{EE2145D5-E89C-4178-9474-8CFBC0F7CD78} = {24C48B17-DD5E-4061-B7A4-1D61706B69E9}
		{E77FABBA-59C0-486A-B4AB-67C9DDACB58D} = {24C48B17-DD5E-4061-B7A4-1D61706B69E9}
		{A8DD3091-8A89-4F1B-BBBE-1DEEFEC26B6A} = {24C48B17-DD5E-4061-B7A4-1D61706B69E9}
		{12DAEC0E-3D6C-4463-AE83-6A0944554BF8} = {24C48B17-DD5E-4061-B7A4-1D61706B69E9}
		{FEBC91E9-9E63-40F1-B65B-AED3386E4913} = {2C29171F-83DC-4A34-9860-FA1C1992B979}
		{17EE60A6-52C7-44EB-BCD3-8A780A6C44D3} = {2C29171F-83DC-4A34-9860-FA1C1992B979}
	EndGlobalSection
EndGlobal
